{
  "requires": true,
  "lockfileVersion": 1,
  "dependencies": {
    "@angular/http": {
      "version": "7.2.11",
      "resolved": "https://registry.npmjs.org/@angular/http/-/http-7.2.11.tgz",
      "integrity": "sha512-v2imS3q8kxXyHcYXrsv7K4Ot4ZinyYEzJiDPndmIWDLerSMriDahKx3akX6BXYyaJ+a22sEu8JfBuO3tqc+WqQ==",
      "requires": {
        "tslib": "1.9.3"
      }
    },
    "rxjs-compat": {
      "version": "6.4.0",
      "resolved": "https://registry.npmjs.org/rxjs-compat/-/rxjs-compat-6.4.0.tgz",
      "integrity": "sha512-eo/O8RS83hJdJukCtA+IF6qnqa8FPOuVo+OPCzgVi+dbTle9KCdNv97IcQO0WwNVik7DJLKmf0F8uwzc0q40vw=="
    },
    "tslib": {
      "version": "1.9.3",
      "resolved": "https://registry.npmjs.org/tslib/-/tslib-1.9.3.tgz",
      "integrity": "sha512-4krF8scpejhaOgqzBEcGM7yDIEfi0/8+8zDRZhNZZ2kjmHJ4hv3zCbQWxoJGz1iw5U0Jl0nma13xzHXcncMavQ=="
    }
  }
}
